
Microsoft Visual Studio Solution File, Format Version 12.00
# Visual Studio Version 17
VisualStudioVersion = 17.2.32602.215
MinimumVisualStudioVersion = 10.0.40219.1
Project("{9A19103F-16F7-4668-BE54-9A1E7A4F7556}") = "AnimalWeb", "AnimalWeb\AnimalWeb.csproj", "{2072055C-44E0-4F31-9019-CC2966DD10A4}"
EndProject
Project("{FAE04EC0-301F-11D3-BF4B-00C04F79EFBC}") = "AnimalWeb.Tests", "AnimalWeb.Tests\AnimalWeb.Tests.csproj", "{496C4A56-EC65-4565-9069-52EC58479F43}"
EndProject
Global
	GlobalSection(SolutionConfigurationPlatforms) = preSolution
		Debug|Any CPU = Debug|Any CPU
		Release|Any CPU = Release|Any CPU
	EndGlobalSection
	GlobalSection(ProjectConfigurationPlatforms) = postSolution
		{2072055C-44E0-4F31-9019-CC2966DD10A4}.Debug|Any CPU.ActiveCfg = Debug|Any CPU
		{2072055C-44E0-4F31-9019-CC2966DD10A4}.Debug|Any CPU.Build.0 = Debug|Any CPU
		{2072055C-44E0-4F31-9019-CC2966DD10A4}.Release|Any CPU.ActiveCfg = Release|Any CPU
		{2072055C-44E0-4F31-9019-CC2966DD10A4}.Release|Any CPU.Build.0 = Release|Any CPU
		{496C4A56-EC65-4565-9069-52EC58479F43}.Debug|Any CPU.ActiveCfg = Debug|Any CPU
		{496C4A56-EC65-4565-9069-52EC58479F43}.Debug|Any CPU.Build.0 = Debug|Any CPU
		{496C4A56-EC65-4565-9069-52EC58479F43}.Release|Any CPU.ActiveCfg = Release|Any CPU
		{496C4A56-EC65-4565-9069-52EC58479F43}.Release|Any CPU.Build.0 = Release|Any CPU
	EndGlobalSection
	GlobalSection(SolutionProperties) = preSolution
		HideSolutionNode = FALSE
	EndGlobalSection
	GlobalSection(ExtensibilityGlobals) = postSolution
		SolutionGuid = {77EBEB12-E137-4BCA-AFBB-F063B83B60FC}
	EndGlobalSection
EndGlobal
